version: 6
environments:
  default:
    channels:
    - url: https://conda.modular.com/max-nightly/
    - url: https://conda.anaconda.org/conda-forge/
    packages:
      osx-arm64:
      - conda: https://conda.anaconda.org/conda-forge/osx-arm64/aom-3.9.1-h7bae524_0.conda
      - conda: https://conda.anaconda.org/conda-forge/osx-arm64/bzip2-1.0.8-h99b78c6_7.conda
      - conda: https://conda.anaconda.org/conda-forge/noarch/ca-certificates-2025.8.3-hbd8a1cb_0.conda
      - conda: https://conda.anaconda.org/conda-forge/osx-arm64/cairo-1.18.4-h6a3b0d2_0.conda
      - conda: https://conda.anaconda.org/conda-forge/noarch/click-8.2.1-pyh707e725_0.conda
      - conda: https://conda.anaconda.org/conda-forge/osx-arm64/dav1d-1.2.1-hb547adb_0.conda
      - conda: https://conda.anaconda.org/conda-forge/osx-arm64/dbus-1.16.2-hda038a8_0.conda
      - conda: https://conda.anaconda.org/conda-forge/osx-arm64/fluidsynth-2.3.7-h80fea77_0.conda
      - conda: https://conda.anaconda.org/conda-forge/noarch/font-ttf-dejavu-sans-mono-2.37-hab24e00_0.tar.bz2
      - conda: https://conda.anaconda.org/conda-forge/noarch/font-ttf-inconsolata-3.000-h77eed37_0.tar.bz2
      - conda: https://conda.anaconda.org/conda-forge/noarch/font-ttf-source-code-pro-2.038-h77eed37_0.tar.bz2
      - conda: https://conda.anaconda.org/conda-forge/noarch/font-ttf-ubuntu-0.83-h77eed37_3.conda
      - conda: https://conda.anaconda.org/conda-forge/osx-arm64/fontconfig-2.15.0-h1383a14_1.conda
      - conda: https://conda.anaconda.org/conda-forge/noarch/fonts-conda-ecosystem-1-0.tar.bz2
      - conda: https://conda.anaconda.org/conda-forge/noarch/fonts-conda-forge-1-0.tar.bz2
      - conda: https://conda.anaconda.org/conda-forge/osx-arm64/freetype-2.13.3-hce30654_1.conda
      - conda: https://conda.anaconda.org/conda-forge/osx-arm64/gettext-0.25.1-h3dcc1bd_0.conda
      - conda: https://conda.anaconda.org/conda-forge/osx-arm64/gettext-tools-0.25.1-h493aca8_0.conda
      - conda: https://conda.anaconda.org/conda-forge/osx-arm64/graphite2-1.3.14-hec049ff_1.conda
      - conda: https://conda.anaconda.org/conda-forge/osx-arm64/harfbuzz-11.3.3-hcb8449c_0.conda
      - conda: https://conda.anaconda.org/conda-forge/osx-arm64/icu-75.1-hfee45f7_0.conda
      - conda: https://conda.anaconda.org/conda-forge/noarch/importlib-metadata-8.7.0-pyhe01879c_1.conda
      - conda: https://conda.anaconda.org/conda-forge/noarch/jupyter_client-8.6.3-pyhd8ed1ab_1.conda
      - conda: https://conda.anaconda.org/conda-forge/noarch/jupyter_core-5.8.1-pyh31011fe_0.conda
      - conda: https://conda.anaconda.org/conda-forge/osx-arm64/krb5-1.21.3-h237132a_0.conda
      - conda: https://conda.anaconda.org/conda-forge/osx-arm64/lame-3.100-h1a8c8d9_1003.tar.bz2
      - conda: https://conda.anaconda.org/conda-forge/osx-arm64/lerc-4.0.0-hd64df32_1.conda
      - conda: https://conda.anaconda.org/conda-forge/osx-arm64/libasprintf-0.25.1-h493aca8_0.conda
      - conda: https://conda.anaconda.org/conda-forge/osx-arm64/libasprintf-devel-0.25.1-h493aca8_0.conda
      - conda: https://conda.anaconda.org/conda-forge/osx-arm64/libavif16-1.3.0-hf1e31eb_0.conda
      - conda: https://conda.anaconda.org/conda-forge/osx-arm64/libcxx-20.1.8-hf598326_1.conda
      - conda: https://conda.anaconda.org/conda-forge/osx-arm64/libdeflate-1.24-h5773f1b_0.conda
      - conda: https://conda.anaconda.org/conda-forge/osx-arm64/libedit-3.1.20250104-pl5321hafb1f1b_0.conda
      - conda: https://conda.anaconda.org/conda-forge/osx-arm64/libexpat-2.7.1-hec049ff_0.conda
      - conda: https://conda.anaconda.org/conda-forge/osx-arm64/libffi-3.4.6-h1da3d7d_1.conda
      - conda: https://conda.anaconda.org/conda-forge/osx-arm64/libflac-1.4.3-hb765f3a_0.conda
      - conda: https://conda.anaconda.org/conda-forge/osx-arm64/libfreetype-2.13.3-hce30654_1.conda
      - conda: https://conda.anaconda.org/conda-forge/osx-arm64/libfreetype6-2.13.3-h1d14073_1.conda
      - conda: https://conda.anaconda.org/conda-forge/osx-arm64/libgettextpo-0.25.1-h493aca8_0.conda
      - conda: https://conda.anaconda.org/conda-forge/osx-arm64/libgettextpo-devel-0.25.1-h493aca8_0.conda
      - conda: https://conda.anaconda.org/conda-forge/osx-arm64/libglib-2.84.3-h587fa63_0.conda
      - conda: https://conda.anaconda.org/conda-forge/osx-arm64/libiconv-1.18-hfe07756_1.conda
      - conda: https://conda.anaconda.org/conda-forge/osx-arm64/libintl-0.25.1-h493aca8_0.conda
      - conda: https://conda.anaconda.org/conda-forge/osx-arm64/libintl-devel-0.25.1-h493aca8_0.conda
      - conda: https://conda.anaconda.org/conda-forge/osx-arm64/libjpeg-turbo-3.1.0-h5505292_0.conda
      - conda: https://conda.anaconda.org/conda-forge/osx-arm64/liblzma-5.8.1-h39f12f2_2.conda
      - conda: https://conda.anaconda.org/conda-forge/osx-arm64/libmad-0.15.1b-h1a8c8d9_1001.conda
      - conda: https://conda.anaconda.org/conda-forge/osx-arm64/libmpdec-4.0.0-h5505292_0.conda
      - conda: https://conda.anaconda.org/conda-forge/osx-arm64/libogg-1.3.5-h48c0fde_1.conda
      - conda: https://conda.anaconda.org/conda-forge/osx-arm64/libopus-1.5.2-h48c0fde_0.conda
      - conda: https://conda.anaconda.org/conda-forge/osx-arm64/libpng-1.6.50-h280e0eb_1.conda
      - conda: https://conda.anaconda.org/conda-forge/osx-arm64/libsndfile-1.2.2-h9739721_1.conda
      - conda: https://conda.anaconda.org/conda-forge/osx-arm64/libsodium-1.0.20-h99b78c6_0.conda
      - conda: https://conda.anaconda.org/conda-forge/osx-arm64/libsqlite-3.50.4-h4237e3c_0.conda
      - conda: https://conda.anaconda.org/conda-forge/osx-arm64/libtiff-4.7.0-h2f21f7c_5.conda
      - conda: https://conda.anaconda.org/conda-forge/osx-arm64/libusb-1.0.29-hbc156a2_0.conda
      - conda: https://conda.anaconda.org/conda-forge/osx-arm64/libvorbis-1.3.7-h81086ad_2.conda
      - conda: https://conda.anaconda.org/conda-forge/osx-arm64/libwebp-base-1.6.0-h07db88b_0.conda
      - conda: https://conda.anaconda.org/conda-forge/osx-arm64/libzlib-1.3.1-h8359307_2.conda
      - conda: https://conda.modular.com/max-nightly/noarch/mblack-25.6.0.dev2025080705-release.conda
      - conda: https://conda.modular.com/max-nightly/osx-arm64/mojo-25.6.0.dev2025080705-release.conda
      - conda: https://conda.modular.com/max-nightly/osx-arm64/mojo-compiler-25.6.0.dev2025080705-release.conda
      - conda: https://conda.anaconda.org/conda-forge/osx-arm64/mpg123-1.32.9-hf642e45_0.conda
      - conda: https://conda.anaconda.org/conda-forge/noarch/mypy_extensions-1.1.0-pyha770c72_0.conda
      - conda: https://conda.anaconda.org/conda-forge/osx-arm64/ncurses-6.5-h5e97a16_3.conda
      - conda: https://conda.anaconda.org/conda-forge/osx-arm64/openssl-3.5.2-he92f556_0.conda
      - conda: https://conda.anaconda.org/conda-forge/osx-arm64/opusfile-0.12-h5643135_2.conda
      - conda: https://conda.anaconda.org/conda-forge/noarch/packaging-25.0-pyh29332c3_1.conda
      - conda: https://conda.anaconda.org/conda-forge/noarch/pathspec-0.12.1-pyhd8ed1ab_1.conda
      - conda: https://conda.anaconda.org/conda-forge/osx-arm64/pcre2-10.45-ha881caa_0.conda
      - conda: https://conda.anaconda.org/conda-forge/osx-arm64/pixman-0.46.4-h81086ad_1.conda
      - conda: https://conda.anaconda.org/conda-forge/noarch/platformdirs-4.3.8-pyhe01879c_0.conda
      - conda: https://conda.anaconda.org/conda-forge/osx-arm64/portaudio-19.6.0-h13dd4ca_9.conda
      - conda: https://conda.anaconda.org/conda-forge/osx-arm64/portmidi-2.0.6-h286801f_0.conda
      - conda: https://conda.anaconda.org/conda-forge/osx-arm64/pygame-2.6.1-py313h55b729e_0.conda
      - conda: https://conda.anaconda.org/conda-forge/osx-arm64/python-3.13.5-hf3f3da0_102_cp313.conda
      - conda: https://conda.anaconda.org/conda-forge/noarch/python-dateutil-2.9.0.post0-pyhe01879c_2.conda
      - conda: https://conda.anaconda.org/conda-forge/noarch/python_abi-3.13-8_cp313.conda
      - conda: https://conda.anaconda.org/conda-forge/osx-arm64/pyzmq-27.0.1-py313h330de61_0.conda
      - conda: https://conda.anaconda.org/conda-forge/osx-arm64/rav1e-0.7.1-h0716509_3.conda
      - conda: https://conda.anaconda.org/conda-forge/osx-arm64/readline-8.2-h1d1bf99_2.conda
      - conda: https://conda.anaconda.org/conda-forge/osx-arm64/sdl2-2.32.54-ha1acc90_0.conda
      - conda: https://conda.anaconda.org/conda-forge/osx-arm64/sdl2_image-2.8.2-h376e2e1_1.conda
      - conda: https://conda.anaconda.org/conda-forge/osx-arm64/sdl2_mixer-2.6.3-h4fe3bdc_1.conda
      - conda: https://conda.anaconda.org/conda-forge/osx-arm64/sdl2_ttf-2.24.0-h49b19f9_1.conda
      - conda: https://conda.anaconda.org/conda-forge/osx-arm64/sdl3-3.2.20-he22eeb8_0.conda
      - conda: https://conda.anaconda.org/conda-forge/noarch/six-1.17.0-pyhe01879c_1.conda
      - conda: https://conda.anaconda.org/conda-forge/osx-arm64/svt-av1-3.0.2-h8ab69cd_0.conda
      - conda: https://conda.anaconda.org/conda-forge/osx-arm64/tk-8.6.13-h892fb3f_2.conda
      - conda: https://conda.anaconda.org/conda-forge/noarch/tomli-2.2.1-pyhe01879c_2.conda
      - conda: https://conda.anaconda.org/conda-forge/osx-arm64/tornado-6.5.1-py313h90d716c_0.conda
      - conda: https://conda.anaconda.org/conda-forge/noarch/traitlets-5.14.3-pyhd8ed1ab_1.conda
      - conda: https://conda.anaconda.org/conda-forge/noarch/typing_extensions-4.14.1-pyhe01879c_0.conda
      - conda: https://conda.anaconda.org/conda-forge/noarch/tzdata-2025b-h78e105d_0.conda
      - conda: https://conda.anaconda.org/conda-forge/osx-arm64/zeromq-4.3.5-hc1bb282_7.conda
      - conda: https://conda.anaconda.org/conda-forge/noarch/zipp-3.23.0-pyhd8ed1ab_0.conda
      - conda: https://conda.anaconda.org/conda-forge/osx-arm64/zstd-1.5.7-h6491c7d_2.conda
packages:
- conda: https://conda.anaconda.org/conda-forge/osx-arm64/aom-3.9.1-h7bae524_0.conda
  sha256: ec238f18ce8140485645252351a0eca9ef4f7a1c568a420f240a585229bc12ef
  md5: 7adba36492a1bb22d98ffffe4f6fc6de
  depends:
  - __osx >=11.0
  - libcxx >=16
  license: BSD-2-Clause
  license_family: BSD
  size: 2235747
  timestamp: 1718551382432
- conda: https://conda.anaconda.org/conda-forge/osx-arm64/bzip2-1.0.8-h99b78c6_7.conda
  sha256: adfa71f158cbd872a36394c56c3568e6034aa55c623634b37a4836bd036e6b91
  md5: fc6948412dbbbe9a4c9ddbbcfe0a79ab
  depends:
  - __osx >=11.0
  license: bzip2-1.0.6
  license_family: BSD
  size: 122909
  timestamp: 1720974522888
- conda: https://conda.anaconda.org/conda-forge/noarch/ca-certificates-2025.8.3-hbd8a1cb_0.conda
  sha256: 837b795a2bb39b75694ba910c13c15fa4998d4bb2a622c214a6a5174b2ae53d1
  md5: 74784ee3d225fc3dca89edb635b4e5cc
  depends:
  - __unix
  license: ISC
  size: 154402
  timestamp: 1754210968730
- conda: https://conda.anaconda.org/conda-forge/osx-arm64/cairo-1.18.4-h6a3b0d2_0.conda
  sha256: 00439d69bdd94eaf51656fdf479e0c853278439d22ae151cabf40eb17399d95f
  md5: 38f6df8bc8c668417b904369a01ba2e2
  depends:
  - __osx >=11.0
  - fontconfig >=2.15.0,<3.0a0
  - fonts-conda-ecosystem
  - freetype >=2.12.1,<3.0a0
  - icu >=75.1,<76.0a0
  - libcxx >=18
  - libexpat >=2.6.4,<3.0a0
  - libglib >=2.82.2,<3.0a0
  - libpng >=1.6.47,<1.7.0a0
  - libzlib >=1.3.1,<2.0a0
  - pixman >=0.44.2,<1.0a0
  license: LGPL-2.1-only or MPL-1.1
  size: 896173
  timestamp: 1741554795915
- conda: https://conda.anaconda.org/conda-forge/noarch/click-8.2.1-pyh707e725_0.conda
  sha256: 8aee789c82d8fdd997840c952a586db63c6890b00e88c4fb6e80a38edd5f51c0
  md5: 94b550b8d3a614dbd326af798c7dfb40
  depends:
  - __unix
  - python >=3.10
  license: BSD-3-Clause
  license_family: BSD
  size: 87749
  timestamp: 1747811451319
- conda: https://conda.anaconda.org/conda-forge/osx-arm64/dav1d-1.2.1-hb547adb_0.conda
  sha256: 93e077b880a85baec8227e8c72199220c7f87849ad32d02c14fb3807368260b8
  md5: 5a74cdee497e6b65173e10d94582fae6
  license: BSD-2-Clause
  license_family: BSD
  size: 316394
  timestamp: 1685695959391
- conda: https://conda.anaconda.org/conda-forge/osx-arm64/dbus-1.16.2-hda038a8_0.conda
  sha256: 2ef01ab52dedb477cb7291994ad556279b37c8ad457521e75c47cad20248ea30
  md5: 80c663e4f6b0fd8d6723ff7d68f09429
  depends:
  - __osx >=11.0
  - libcxx >=18
  - libzlib >=1.3.1,<2.0a0
  - libglib >=2.84.2,<3.0a0
  - libexpat >=2.7.0,<3.0a0
  license: GPL-2.0-or-later
  license_family: GPL
  size: 384376
  timestamp: 1747855177419
- conda: https://conda.anaconda.org/conda-forge/osx-arm64/fluidsynth-2.3.7-h80fea77_0.conda
  sha256: e4c39119797493d4f085cd6274e123372bec77e05ef93203ccf5dee714bfd9c3
  md5: dc2fc082a05af6a790d3e8e3e6489e6c
  depends:
  - __osx >=11.0
  - libcxx >=17
  - libglib >=2.82.2,<3.0a0
  - libsndfile >=1.2.2,<1.3.0a0
  - portaudio >=19.6.0,<19.7.0a0
  - readline >=8.2,<9.0a0
  - sdl2 >=2.30.7,<3.0a0
  license: GPL-2.0-or-later
  license_family: LGPL
  size: 234967
  timestamp: 1729590579216
- conda: https://conda.anaconda.org/conda-forge/noarch/font-ttf-dejavu-sans-mono-2.37-hab24e00_0.tar.bz2
  sha256: 58d7f40d2940dd0a8aa28651239adbf5613254df0f75789919c4e6762054403b
  md5: 0c96522c6bdaed4b1566d11387caaf45
  license: BSD-3-Clause
  license_family: BSD
  size: 397370
  timestamp: 1566932522327
- conda: https://conda.anaconda.org/conda-forge/noarch/font-ttf-inconsolata-3.000-h77eed37_0.tar.bz2
  sha256: c52a29fdac682c20d252facc50f01e7c2e7ceac52aa9817aaf0bb83f7559ec5c
  md5: 34893075a5c9e55cdafac56607368fc6
  license: OFL-1.1
  license_family: Other
  size: 96530
  timestamp: 1620479909603
- conda: https://conda.anaconda.org/conda-forge/noarch/font-ttf-source-code-pro-2.038-h77eed37_0.tar.bz2
  sha256: 00925c8c055a2275614b4d983e1df637245e19058d79fc7dd1a93b8d9fb4b139
  md5: 4d59c254e01d9cde7957100457e2d5fb
  license: OFL-1.1
  license_family: Other
  size: 700814
  timestamp: 1620479612257
- conda: https://conda.anaconda.org/conda-forge/noarch/font-ttf-ubuntu-0.83-h77eed37_3.conda
  sha256: 2821ec1dc454bd8b9a31d0ed22a7ce22422c0aef163c59f49dfdf915d0f0ca14
  md5: 49023d73832ef61042f6a237cb2687e7
  license: LicenseRef-Ubuntu-Font-Licence-Version-1.0
  license_family: Other
  size: 1620504
  timestamp: 1727511233259
- conda: https://conda.anaconda.org/conda-forge/osx-arm64/fontconfig-2.15.0-h1383a14_1.conda
  sha256: f79d3d816fafbd6a2b0f75ebc3251a30d3294b08af9bb747194121f5efa364bc
  md5: 7b29f48742cea5d1ccb5edd839cb5621
  depends:
  - __osx >=11.0
  - freetype >=2.12.1,<3.0a0
  - libexpat >=2.6.3,<3.0a0
  - libzlib >=1.3.1,<2.0a0
  license: MIT
  license_family: MIT
  size: 234227
  timestamp: 1730284037572
- conda: https://conda.anaconda.org/conda-forge/noarch/fonts-conda-ecosystem-1-0.tar.bz2
  sha256: a997f2f1921bb9c9d76e6fa2f6b408b7fa549edd349a77639c9fe7a23ea93e61
  md5: fee5683a3f04bd15cbd8318b096a27ab
  depends:
  - fonts-conda-forge
  license: BSD-3-Clause
  license_family: BSD
  size: 3667
  timestamp: 1566974674465
- conda: https://conda.anaconda.org/conda-forge/noarch/fonts-conda-forge-1-0.tar.bz2
  sha256: 53f23a3319466053818540bcdf2091f253cbdbab1e0e9ae7b9e509dcaa2a5e38
  md5: f766549260d6815b0c52253f1fb1bb29
  depends:
  - font-ttf-dejavu-sans-mono
  - font-ttf-inconsolata
  - font-ttf-source-code-pro
  - font-ttf-ubuntu
  license: BSD-3-Clause
  license_family: BSD
  size: 4102
  timestamp: 1566932280397
- conda: https://conda.anaconda.org/conda-forge/osx-arm64/freetype-2.13.3-hce30654_1.conda
  sha256: 6b63c72ea51a41d41964841404564c0729fdddd3e952e2715839fd759b7cfdfc
  md5: e684de4644067f1956a580097502bf03
  depends:
  - libfreetype 2.13.3 hce30654_1
  - libfreetype6 2.13.3 h1d14073_1
  license: GPL-2.0-only OR FTL
  size: 172220
  timestamp: 1745370149658
- conda: https://conda.anaconda.org/conda-forge/osx-arm64/gettext-0.25.1-h3dcc1bd_0.conda
  sha256: 129a81e9da9f60ae6955b49938447e7faeb7e1be815b2db99e76956dddf8c392
  md5: 7059ba83fd98707b2cd9a5f06f589dd4
  depends:
  - __osx >=11.0
  - gettext-tools 0.25.1 h493aca8_0
  - libasprintf 0.25.1 h493aca8_0
  - libasprintf-devel 0.25.1 h493aca8_0
  - libcxx >=18
  - libgettextpo 0.25.1 h493aca8_0
  - libgettextpo-devel 0.25.1 h493aca8_0
  - libiconv >=1.18,<2.0a0
  - libintl 0.25.1 h493aca8_0
  - libintl-devel 0.25.1 h493aca8_0
  license: LGPL-2.1-or-later AND GPL-3.0-or-later
  size: 543276
  timestamp: 1751558682952
- conda: https://conda.anaconda.org/conda-forge/osx-arm64/gettext-tools-0.25.1-h493aca8_0.conda
  sha256: e8dd68706676d5b6f6ee09240936a0ecd1ae12b87dbb37e4c4be263e332ab125
  md5: 817042c017930497931da6aa04a47f09
  depends:
  - __osx >=11.0
  - libiconv >=1.18,<2.0a0
  - libintl 0.25.1 h493aca8_0
  license: GPL-3.0-or-later
  license_family: GPL
  size: 3748044
  timestamp: 1751558602508
- conda: https://conda.anaconda.org/conda-forge/osx-arm64/graphite2-1.3.14-hec049ff_1.conda
  sha256: bdc3abc56192245855fe07441cf5d02baa0b78b159e73bac9dcee7ce80655124
  md5: 02958647f67f7f6c76d57e21b56332e9
  depends:
  - __osx >=11.0
  - libcxx >=19
  license: LGPL-2.0-or-later
  license_family: LGPL
  size: 81329
  timestamp: 1754260415164
- conda: https://conda.anaconda.org/conda-forge/osx-arm64/harfbuzz-11.3.3-hcb8449c_0.conda
  sha256: 477e45ecd99afe0a3b8dc6066341bed0e2edfb7f04b75e17f261c963d2aeaeaf
  md5: 125f5dc1afb3eb4824204ab84823c515
  depends:
  - __osx >=11.0
  - cairo >=1.18.4,<2.0a0
  - graphite2
  - icu >=75.1,<76.0a0
  - libcxx >=19
  - libexpat >=2.7.1,<3.0a0
  - libfreetype >=2.13.3
  - libfreetype6 >=2.13.3
  - libglib >=2.84.2,<3.0a0
  - libzlib >=1.3.1,<2.0a0
  license: MIT
  license_family: MIT
  size: 1427101
  timestamp: 1753796349795
- conda: https://conda.anaconda.org/conda-forge/osx-arm64/icu-75.1-hfee45f7_0.conda
  sha256: 9ba12c93406f3df5ab0a43db8a4b4ef67a5871dfd401010fbe29b218b2cbe620
  md5: 5eb22c1d7b3fc4abb50d92d621583137
  depends:
  - __osx >=11.0
  license: MIT
  license_family: MIT
  size: 11857802
  timestamp: 1720853997952
- conda: https://conda.anaconda.org/conda-forge/noarch/importlib-metadata-8.7.0-pyhe01879c_1.conda
  sha256: c18ab120a0613ada4391b15981d86ff777b5690ca461ea7e9e49531e8f374745
  md5: 63ccfdc3a3ce25b027b8767eb722fca8
  depends:
  - python >=3.9
  - zipp >=3.20
  - python
  license: Apache-2.0
  license_family: APACHE
  size: 34641
  timestamp: 1747934053147
- conda: https://conda.anaconda.org/conda-forge/noarch/jupyter_client-8.6.3-pyhd8ed1ab_1.conda
  sha256: 19d8bd5bb2fde910ec59e081eeb59529491995ce0d653a5209366611023a0b3a
  md5: 4ebae00eae9705b0c3d6d1018a81d047
  depends:
  - importlib-metadata >=4.8.3
  - jupyter_core >=4.12,!=5.0.*
  - python >=3.9
  - python-dateutil >=2.8.2
  - pyzmq >=23.0
  - tornado >=6.2
  - traitlets >=5.3
  license: BSD-3-Clause
  license_family: BSD
  size: 106342
  timestamp: 1733441040958
- conda: https://conda.anaconda.org/conda-forge/noarch/jupyter_core-5.8.1-pyh31011fe_0.conda
  sha256: 56a7a7e907f15cca8c4f9b0c99488276d4cb10821d2d15df9245662184872e81
  md5: b7d89d860ebcda28a5303526cdee68ab
  depends:
  - __unix
  - platformdirs >=2.5
  - python >=3.8
  - traitlets >=5.3
  license: BSD-3-Clause
  license_family: BSD
  size: 59562
  timestamp: 1748333186063
- conda: https://conda.anaconda.org/conda-forge/osx-arm64/krb5-1.21.3-h237132a_0.conda
  sha256: 4442f957c3c77d69d9da3521268cad5d54c9033f1a73f99cde0a3658937b159b
  md5: c6dc8a0fdec13a0565936655c33069a1
  depends:
  - __osx >=11.0
  - libcxx >=16
  - libedit >=3.1.20191231,<3.2.0a0
  - libedit >=3.1.20191231,<4.0a0
  - openssl >=3.3.1,<4.0a0
  license: MIT
  license_family: MIT
  size: 1155530
  timestamp: 1719463474401
- conda: https://conda.anaconda.org/conda-forge/osx-arm64/lame-3.100-h1a8c8d9_1003.tar.bz2
  sha256: f40ce7324b2cf5338b766d4cdb8e0453e4156a4f83c2f31bbfff750785de304c
  md5: bff0e851d66725f78dc2fd8b032ddb7e
  license: LGPL-2.0-only
  license_family: LGPL
  size: 528805
  timestamp: 1664996399305
- conda: https://conda.anaconda.org/conda-forge/osx-arm64/lerc-4.0.0-hd64df32_1.conda
  sha256: 12361697f8ffc9968907d1a7b5830e34c670e4a59b638117a2cdfed8f63a38f8
  md5: a74332d9b60b62905e3d30709df08bf1
  depends:
  - __osx >=11.0
  - libcxx >=18
  license: Apache-2.0
  license_family: Apache
  size: 188306
  timestamp: 1745264362794
- conda: https://conda.anaconda.org/conda-forge/osx-arm64/libasprintf-0.25.1-h493aca8_0.conda
  sha256: 7265547424e978ea596f51cc8e7b81638fb1c660b743e98cc4deb690d9d524ab
  md5: 0deb80a2d6097c5fb98b495370b2435b
  depends:
  - __osx >=11.0
  - libcxx >=18
  license: LGPL-2.1-or-later
  size: 52316
  timestamp: 1751558366611
- conda: https://conda.anaconda.org/conda-forge/osx-arm64/libasprintf-devel-0.25.1-h493aca8_0.conda
  sha256: fc76b07620eabde52928c69bcdcb5497da3fdad3331a76f9d4bffeb27e0bdd8f
  md5: c18067d2d5864e77f84456d97c1c17cc
  depends:
  - __osx >=11.0
  - libasprintf 0.25.1 h493aca8_0
  license: LGPL-2.1-or-later
  size: 35256
  timestamp: 1751558418167
- conda: https://conda.anaconda.org/conda-forge/osx-arm64/libavif16-1.3.0-hf1e31eb_0.conda
  sha256: bd8bc77a0c81c73ba955a05c4b4179b1bf9d0fef1a379bdb37fcd41961650175
  md5: c61522d664c4ee27234f802d631ddb88
  depends:
  - __osx >=11.0
  - aom >=3.9.1,<3.10.0a0
  - dav1d >=1.2.1,<1.2.2.0a0
  - rav1e >=0.7.1,<0.8.0a0
  - svt-av1 >=3.0.2,<3.0.3.0a0
  license: BSD-2-Clause
  license_family: BSD
  size: 111817
  timestamp: 1746836468929
- conda: https://conda.anaconda.org/conda-forge/osx-arm64/libcxx-20.1.8-hf598326_1.conda
  sha256: 119b3ac75cb1ea29981e5053c2cb10d5f0b06fcc81b486cb7281f160daf673a1
  md5: a69ef3239d3268ef8602c7a7823fd982
  depends:
  - __osx >=11.0
  license: Apache-2.0 WITH LLVM-exception
  license_family: Apache
  size: 568267
  timestamp: 1752814881595
- conda: https://conda.anaconda.org/conda-forge/osx-arm64/libdeflate-1.24-h5773f1b_0.conda
  sha256: 417d52b19c679e1881cce3f01cad3a2d542098fa2d6df5485aac40f01aede4d1
  md5: 3baf58a5a87e7c2f4d243ce2f8f2fe5c
  depends:
  - __osx >=11.0
  license: MIT
  license_family: MIT
  size: 54790
  timestamp: 1747040549847
- conda: https://conda.anaconda.org/conda-forge/osx-arm64/libedit-3.1.20250104-pl5321hafb1f1b_0.conda
  sha256: 66aa216a403de0bb0c1340a88d1a06adaff66bae2cfd196731aa24db9859d631
  md5: 44083d2d2c2025afca315c7a172eab2b
  depends:
  - ncurses
  - __osx >=11.0
  - ncurses >=6.5,<7.0a0
  license: BSD-2-Clause
  license_family: BSD
  size: 107691
  timestamp: 1738479560845
- conda: https://conda.anaconda.org/conda-forge/osx-arm64/libexpat-2.7.1-hec049ff_0.conda
  sha256: 8fbb17a56f51e7113ed511c5787e0dec0d4b10ef9df921c4fd1cccca0458f648
  md5: b1ca5f21335782f71a8bd69bdc093f67
  depends:
  - __osx >=11.0
  constrains:
  - expat 2.7.1.*
  license: MIT
  license_family: MIT
  size: 65971
  timestamp: 1752719657566
- conda: https://conda.anaconda.org/conda-forge/osx-arm64/libffi-3.4.6-h1da3d7d_1.conda
  sha256: c6a530924a9b14e193ea9adfe92843de2a806d1b7dbfd341546ece9653129e60
  md5: c215a60c2935b517dcda8cad4705734d
  depends:
  - __osx >=11.0
  license: MIT
  license_family: MIT
  size: 39839
  timestamp: 1743434670405
- conda: https://conda.anaconda.org/conda-forge/osx-arm64/libflac-1.4.3-hb765f3a_0.conda
  sha256: 3990b52782fe7207ab642df25368ed443094f6d1a7ea61854935c24192b388aa
  md5: 356faba64411660f6c4d24ea31640733
  depends:
  - gettext >=0.21.1,<1.0a0
  - libcxx >=15.0.7
  - libogg 1.3.*
  - libogg >=1.3.4,<1.4.0a0
  license: BSD-3-Clause
  license_family: BSD
  size: 314408
  timestamp: 1687766236790
- conda: https://conda.anaconda.org/conda-forge/osx-arm64/libfreetype-2.13.3-hce30654_1.conda
  sha256: 1f8c16703fe333cdc2639f7cdaf677ac2120843453222944a7c6c85ec342903c
  md5: d06282e08e55b752627a707d58779b8f
  depends:
  - libfreetype6 >=2.13.3
  license: GPL-2.0-only OR FTL
  size: 7813
  timestamp: 1745370144506
- conda: https://conda.anaconda.org/conda-forge/osx-arm64/libfreetype6-2.13.3-h1d14073_1.conda
  sha256: c278df049b1a071841aa0aca140a338d087ea594e07dcf8a871d2cfe0e330e75
  md5: b163d446c55872ef60530231879908b9
  depends:
  - __osx >=11.0
  - libpng >=1.6.47,<1.7.0a0
  - libzlib >=1.3.1,<2.0a0
  constrains:
  - freetype >=2.13.3
  license: GPL-2.0-only OR FTL
  size: 333529
  timestamp: 1745370142848
- conda: https://conda.anaconda.org/conda-forge/osx-arm64/libgettextpo-0.25.1-h493aca8_0.conda
  sha256: 3ba35ff26b3b9573b5df5b9bbec5c61476157ec3a9f12c698e2a9350cd4338fd
  md5: 98acd9989d0d8d5914ccc86dceb6c6c2
  depends:
  - __osx >=11.0
  - libiconv >=1.18,<2.0a0
  - libintl 0.25.1 h493aca8_0
  license: GPL-3.0-or-later
  license_family: GPL
  size: 183091
  timestamp: 1751558452316
- conda: https://conda.anaconda.org/conda-forge/osx-arm64/libgettextpo-devel-0.25.1-h493aca8_0.conda
  sha256: 976941e18f879e5c1e67553f9657f7bb9d3935c89014ebfeafe89dcfba2de9e7
  md5: 91c2fdde1cb4a61b5cb7afa682af359e
  depends:
  - __osx >=11.0
  - libgettextpo 0.25.1 h493aca8_0
  - libiconv >=1.18,<2.0a0
  - libintl 0.25.1 h493aca8_0
  license: GPL-3.0-or-later
  license_family: GPL
  size: 37894
  timestamp: 1751558502415
- conda: https://conda.anaconda.org/conda-forge/osx-arm64/libglib-2.84.3-h587fa63_0.conda
  sha256: a30510a18f0b85a036f99c744750611b5f26b972cfa70cc9f130b9f42e5bbc18
  md5: bb98995c244b6038892fd59a694a93ed
  depends:
  - __osx >=11.0
  - libffi >=3.4.6,<3.5.0a0
  - libiconv >=1.18,<2.0a0
  - libintl >=0.25.1,<1.0a0
  - libzlib >=1.3.1,<2.0a0
  - pcre2 >=10.45,<10.46.0a0
  constrains:
  - glib 2.84.3 *_0
  license: LGPL-2.1-or-later
  size: 3661135
  timestamp: 1754315631978
- conda: https://conda.anaconda.org/conda-forge/osx-arm64/libiconv-1.18-hfe07756_1.conda
  sha256: d30780d24bf3a30b4f116fca74dedb4199b34d500fe6c52cced5f8cc1e926f03
  md5: 450e6bdc0c7d986acf7b8443dce87111
  depends:
  - __osx >=11.0
  license: LGPL-2.1-only
  size: 681804
  timestamp: 1740128227484
- conda: https://conda.anaconda.org/conda-forge/osx-arm64/libintl-0.25.1-h493aca8_0.conda
  sha256: 99d2cebcd8f84961b86784451b010f5f0a795ed1c08f1e7c76fbb3c22abf021a
  md5: 5103f6a6b210a3912faf8d7db516918c
  depends:
  - __osx >=11.0
  - libiconv >=1.18,<2.0a0
  license: LGPL-2.1-or-later
  size: 90957
  timestamp: 1751558394144
- conda: https://conda.anaconda.org/conda-forge/osx-arm64/libintl-devel-0.25.1-h493aca8_0.conda
  sha256: 5a446cb0501d87e0816da0bce524c60a053a4cf23c94dfd3e2b32a8499009e36
  md5: 5f9888e1cdbbbef52c8cf8b567393535
  depends:
  - __osx >=11.0
  - libiconv >=1.18,<2.0a0
  - libintl 0.25.1 h493aca8_0
  license: LGPL-2.1-or-later
  size: 40340
  timestamp: 1751558481257
- conda: https://conda.anaconda.org/conda-forge/osx-arm64/libjpeg-turbo-3.1.0-h5505292_0.conda
  sha256: 78df2574fa6aa5b6f5fc367c03192f8ddf8e27dc23641468d54e031ff560b9d4
  md5: 01caa4fbcaf0e6b08b3aef1151e91745
  depends:
  - __osx >=11.0
  constrains:
  - jpeg <0.0.0a
  license: IJG AND BSD-3-Clause AND Zlib
  size: 553624
  timestamp: 1745268405713
- conda: https://conda.anaconda.org/conda-forge/osx-arm64/liblzma-5.8.1-h39f12f2_2.conda
  sha256: 0cb92a9e026e7bd4842f410a5c5c665c89b2eb97794ffddba519a626b8ce7285
  md5: d6df911d4564d77c4374b02552cb17d1
  depends:
  - __osx >=11.0
  constrains:
  - xz 5.8.1.*
  license: 0BSD
  size: 92286
  timestamp: 1749230283517
- conda: https://conda.anaconda.org/conda-forge/osx-arm64/libmad-0.15.1b-h1a8c8d9_1001.conda
  sha256: 8e9209acf4bf6865760e61dc0d86116ffc9efc3e13c7f559eb1ea78532a3a625
  md5: 1eb30852ed396fbe6e301fe6d715aef9
  license: GPL-2.0-only
  license_family: GPL
  size: 77255
  timestamp: 1670815732700
- conda: https://conda.anaconda.org/conda-forge/osx-arm64/libmpdec-4.0.0-h5505292_0.conda
  sha256: 0a1875fc1642324ebd6c4ac864604f3f18f57fbcf558a8264f6ced028a3c75b2
  md5: 85ccccb47823dd9f7a99d2c7f530342f
  depends:
  - __osx >=11.0
  license: BSD-2-Clause
  license_family: BSD
  size: 71829
  timestamp: 1748393749336
- conda: https://conda.anaconda.org/conda-forge/osx-arm64/libogg-1.3.5-h48c0fde_1.conda
  sha256: 28bd1fe20fe43da105da41b95ac201e95a1616126f287985df8e86ddebd1c3d8
  md5: 29b8b11f6d7e6bd0e76c029dcf9dd024
  depends:
  - __osx >=11.0
  license: BSD-3-Clause
  license_family: BSD
  size: 216719
  timestamp: 1745826006052
- conda: https://conda.anaconda.org/conda-forge/osx-arm64/libopus-1.5.2-h48c0fde_0.conda
  sha256: 3a01094a59dd59d7a5a1c8e838c2ef3fccf9e098af575c38c26fceb56c6bb917
  md5: 882feb9903f31dca2942796a360d1007
  depends:
  - __osx >=11.0
  license: BSD-3-Clause
  license_family: BSD
  size: 299498
  timestamp: 1744330988108
- conda: https://conda.anaconda.org/conda-forge/osx-arm64/libpng-1.6.50-h280e0eb_1.conda
  sha256: a2e0240fb0c79668047b528976872307ea80cb330baf8bf6624ac2c6443449df
  md5: 4d0f5ce02033286551a32208a5519884
  depends:
  - __osx >=11.0
  - libzlib >=1.3.1,<2.0a0
  license: zlib-acknowledgement
  size: 287056
  timestamp: 1753879907258
- conda: https://conda.anaconda.org/conda-forge/osx-arm64/libsndfile-1.2.2-h9739721_1.conda
  sha256: e559f2f72bb03a554aa5b74230fa19160d33c7981ed385294f1eea9a5871cc03
  md5: 77d552455cbc52e089cdb9df5b283199
  depends:
  - lame >=3.100,<3.101.0a0
  - libcxx >=15.0.7
  - libflac >=1.4.3,<1.5.0a0
  - libogg >=1.3.4,<1.4.0a0
  - libopus >=1.3.1,<2.0a0
  - libvorbis >=1.3.7,<1.4.0a0
  - mpg123 >=1.32.1,<1.33.0a0
  license: LGPL-2.1-or-later
  license_family: LGPL
  size: 317185
  timestamp: 1695747981394
- conda: https://conda.anaconda.org/conda-forge/osx-arm64/libsodium-1.0.20-h99b78c6_0.conda
  sha256: fade8223e1e1004367d7101dd17261003b60aa576df6d7802191f8972f7470b1
  md5: a7ce36e284c5faaf93c220dfc39e3abd
  depends:
  - __osx >=11.0
  license: ISC
  size: 164972
  timestamp: 1716828607917
- conda: https://conda.anaconda.org/conda-forge/osx-arm64/libsqlite-3.50.4-h4237e3c_0.conda
  sha256: 802ebe62e6bc59fc26b26276b793e0542cfff2d03c086440aeaf72fb8bbcec44
  md5: 1dcb0468f5146e38fae99aef9656034b
  depends:
  - __osx >=11.0
  - icu >=75.1,<76.0a0
  - libzlib >=1.3.1,<2.0a0
  license: blessing
  size: 902645
  timestamp: 1753948599139
- conda: https://conda.anaconda.org/conda-forge/osx-arm64/libtiff-4.7.0-h2f21f7c_5.conda
  sha256: cc5ee1cffb8a8afb25a4bfd08fce97c5447f97aa7064a055cb4a617df45bc848
  md5: 4eb183bbf7f734f69875702fdbe17ea0
  depends:
  - __osx >=11.0
  - lerc >=4.0.0,<5.0a0
  - libcxx >=18
  - libdeflate >=1.24,<1.25.0a0
  - libjpeg-turbo >=3.1.0,<4.0a0
  - liblzma >=5.8.1,<6.0a0
  - libwebp-base >=1.5.0,<2.0a0
  - libzlib >=1.3.1,<2.0a0
  - zstd >=1.5.7,<1.6.0a0
  license: HPND
  size: 370943
  timestamp: 1747067160710
- conda: https://conda.anaconda.org/conda-forge/osx-arm64/libusb-1.0.29-hbc156a2_0.conda
  sha256: 5eee9a2bf359e474d4548874bcfc8d29ebad0d9ba015314439c256904e40aaad
  md5: f6654e9e96e9d973981b3b2f898a5bfa
  depends:
  - __osx >=11.0
  license: LGPL-2.1-or-later
  size: 83849
  timestamp: 1748856224950
- conda: https://conda.anaconda.org/conda-forge/osx-arm64/libvorbis-1.3.7-h81086ad_2.conda
  sha256: 95768e4eceaffb973081fd986d03da15d93aa10609ed202e6fd5ca1e490a3dce
  md5: 719e7653178a09f5ca0aa05f349b41f7
  depends:
  - libogg
  - libcxx >=19
  - __osx >=11.0
  - libogg >=1.3.5,<1.4.0a0
  license: BSD-3-Clause
  license_family: BSD
  size: 259122
  timestamp: 1753879389702
- conda: https://conda.anaconda.org/conda-forge/osx-arm64/libwebp-base-1.6.0-h07db88b_0.conda
  sha256: a4de3f371bb7ada325e1f27a4ef7bcc81b2b6a330e46fac9c2f78ac0755ea3dd
  md5: e5e7d467f80da752be17796b87fe6385
  depends:
  - __osx >=11.0
  constrains:
  - libwebp 1.6.0
  license: BSD-3-Clause
  license_family: BSD
  size: 294974
  timestamp: 1752159906788
- conda: https://conda.anaconda.org/conda-forge/osx-arm64/libzlib-1.3.1-h8359307_2.conda
  sha256: ce34669eadaba351cd54910743e6a2261b67009624dbc7daeeafdef93616711b
  md5: 369964e85dc26bfe78f41399b366c435
  depends:
  - __osx >=11.0
  constrains:
  - zlib 1.3.1 *_2
  license: Zlib
  license_family: Other
  size: 46438
  timestamp: 1727963202283
- conda: https://conda.modular.com/max-nightly/noarch/mblack-25.6.0.dev2025080705-release.conda
  noarch: python
  sha256: 663a1ccb172732a293963be8110f01999f86122392f7e0917afac74301661102
  depends:
  - python >=3.9
  - click >=8.0.0
  - mypy_extensions >=0.4.3
  - packaging >=22.0
  - pathspec >=0.9.0
  - platformdirs >=2
  - tomli >=1.1.0
  - typing_extensions >=v4.12.2
  - python
  license: MIT
  size: 131552
  timestamp: 1754544237396
- conda: https://conda.modular.com/max-nightly/osx-arm64/mojo-25.6.0.dev2025080705-release.conda
  sha256: 4c9e42328604b83e2702a5ece844167cdee0ee1487071b79a10deaaa90c5f39a
  depends:
  - python >=3.9
  - mojo-compiler ==25.6.0.dev2025080705 release
  - mblack ==25.6.0.dev2025080705 release
  - jupyter_client >=8.6.2,<8.7
  license: LicenseRef-Modular-Proprietary
  size: 74351975
  timestamp: 1754545397781
- conda: https://conda.modular.com/max-nightly/osx-arm64/mojo-compiler-25.6.0.dev2025080705-release.conda
  sha256: 6737ea9adc010661a3fb41c8476ae90ef363652407810e28676cb210996101d8
  license: LicenseRef-Modular-Proprietary
  size: 60003788
  timestamp: 1754545397780
- conda: https://conda.anaconda.org/conda-forge/osx-arm64/mpg123-1.32.9-hf642e45_0.conda
  sha256: 070bbbbb96856c325c0b6637638ce535afdc49adbaff306e2238c6032d28dddf
  md5: d2b4857bdc3b76c36e23236172d09840
  depends:
  - __osx >=11.0
  - libcxx >=18
  license: LGPL-2.1-only
  license_family: LGPL
  size: 360712
  timestamp: 1730581491116
- conda: https://conda.anaconda.org/conda-forge/noarch/mypy_extensions-1.1.0-pyha770c72_0.conda
  sha256: 6ed158e4e5dd8f6a10ad9e525631e35cee8557718f83de7a4e3966b1f772c4b1
  md5: e9c622e0d00fa24a6292279af3ab6d06
  depends:
  - python >=3.9
  license: MIT
  license_family: MIT
  size: 11766
  timestamp: 1745776666688
- conda: https://conda.anaconda.org/conda-forge/osx-arm64/ncurses-6.5-h5e97a16_3.conda
  sha256: 2827ada40e8d9ca69a153a45f7fd14f32b2ead7045d3bbb5d10964898fe65733
  md5: 068d497125e4bf8a66bf707254fff5ae
  depends:
  - __osx >=11.0
  license: X11 AND BSD-3-Clause
  size: 797030
  timestamp: 1738196177597
- conda: https://conda.anaconda.org/conda-forge/osx-arm64/openssl-3.5.2-he92f556_0.conda
  sha256: f6d1c87dbcf7b39fad24347570166dade1c533ae2d53c60a70fa4dc874ef0056
  md5: bcb0d87dfbc199d0a461d2c7ca30b3d8
  depends:
  - __osx >=11.0
  - ca-certificates
  license: Apache-2.0
  license_family: Apache
  size: 3074848
  timestamp: 1754465710470
- conda: https://conda.anaconda.org/conda-forge/osx-arm64/opusfile-0.12-h5643135_2.conda
  sha256: 108dbee936a8e3c21d2aa5618326343844df8f1fe14067c4dc5a731d7945ecc0
  md5: e34e472ae04beeb642c5e937a2aeeebf
  depends:
  - libogg >=1.3.4,<1.4.0a0
  - libopus >=1.3.1,<2.0a0
  - openssl >=3.0.7,<4.0a0
  license: BSD-3-Clause
  license_family: BSD
  size: 80128
  timestamp: 1670387790769
- conda: https://conda.anaconda.org/conda-forge/noarch/packaging-25.0-pyh29332c3_1.conda
  sha256: 289861ed0c13a15d7bbb408796af4de72c2fe67e2bcb0de98f4c3fce259d7991
  md5: 58335b26c38bf4a20f399384c33cbcf9
  depends:
  - python >=3.8
  - python
  license: Apache-2.0
  license_family: APACHE
  size: 62477
  timestamp: 1745345660407
- conda: https://conda.anaconda.org/conda-forge/noarch/pathspec-0.12.1-pyhd8ed1ab_1.conda
  sha256: 9f64009cdf5b8e529995f18e03665b03f5d07c0b17445b8badef45bde76249ee
  md5: 617f15191456cc6a13db418a275435e5
  depends:
  - python >=3.9
  license: MPL-2.0
  license_family: MOZILLA
  size: 41075
  timestamp: 1733233471940
- conda: https://conda.anaconda.org/conda-forge/osx-arm64/pcre2-10.45-ha881caa_0.conda
  sha256: e9ecb706b58b5a2047c077b3a1470e8554f3aad02e9c3c00cfa35d537420fea3
  md5: a52385b93558d8e6bbaeec5d61a21cd7
  depends:
  - __osx >=11.0
  - bzip2 >=1.0.8,<2.0a0
  - libzlib >=1.3.1,<2.0a0
  license: BSD-3-Clause
  license_family: BSD
  size: 837826
  timestamp: 1745955207242
- conda: https://conda.anaconda.org/conda-forge/osx-arm64/pixman-0.46.4-h81086ad_1.conda
  sha256: 29c9b08a9b8b7810f9d4f159aecfd205fce051633169040005c0b7efad4bc718
  md5: 17c3d745db6ea72ae2fce17e7338547f
  depends:
  - __osx >=11.0
  - libcxx >=19
  license: MIT
  size: 248045
  timestamp: 1754665282033
- conda: https://conda.anaconda.org/conda-forge/noarch/platformdirs-4.3.8-pyhe01879c_0.conda
  sha256: 0f48999a28019c329cd3f6fd2f01f09fc32cc832f7d6bbe38087ddac858feaa3
  md5: 424844562f5d337077b445ec6b1398a7
  depends:
  - python >=3.9
  - python
  license: MIT
  license_family: MIT
  size: 23531
  timestamp: 1746710438805
- conda: https://conda.anaconda.org/conda-forge/osx-arm64/portaudio-19.6.0-h13dd4ca_9.conda
  sha256: 5ff2b55d685c29dfe632ef856796a4b862305088543d4982f0b807e8d9bb756e
  md5: d325d46394b6c46d15718c855fb20b4a
  depends:
  - libcxx >=15.0.7
  license: MIT
  license_family: MIT
  size: 78863
  timestamp: 1693868663440
- conda: https://conda.anaconda.org/conda-forge/osx-arm64/portmidi-2.0.6-h286801f_0.conda
  sha256: adddc071e03a799d5e18d6f1fa0f0d6fc9a99b3f7a6796b18a12a7b5e3f05885
  md5: 5985a83d15a126fe0c9c6abf7ff3d1df
  depends:
  - __osx >=11.0
  - libcxx >=18
  license: MIT
  license_family: MIT
  size: 41407
  timestamp: 1750372262579
- conda: https://conda.anaconda.org/conda-forge/osx-arm64/pygame-2.6.1-py313h55b729e_0.conda
  sha256: 6d4beca5e827c8abb2eb1ef61d13d67debc46b502e9e714ac6b8bffe15a3f4bf
  md5: 6f1be59f963eefe8c5d2fae1edac3841
  depends:
  - __osx >=11.0
  - fontconfig >=2.14.2,<3.0a0
  - fonts-conda-ecosystem
  - freetype >=2.12.1,<3.0a0
  - libcxx >=17
  - libjpeg-turbo >=3.0.0,<4.0a0
  - libpng >=1.6.44,<1.7.0a0
  - libzlib >=1.3.1,<2.0a0
  - portmidi >=2.0.4,<3.0a0
  - python >=3.13.0rc2,<3.14.0a0
  - python >=3.13.0rc2,<3.14.0a0 *_cp313
  - python_abi 3.13.* *_cp313
  - sdl2 >=2.30.7,<3.0a0
  - sdl2_image >=2.8.2,<3.0a0
  - sdl2_mixer >=2.6.3,<3.0a0
  - sdl2_ttf >=2.22.0,<3.0a0
  license: LGPL-2.1-only
  size: 2817914
  timestamp: 1727636943537
- conda: https://conda.anaconda.org/conda-forge/osx-arm64/python-3.13.5-hf3f3da0_102_cp313.conda
  build_number: 102
  sha256: ee1b09fb5563be8509bb9b29b2b436a0af75488b5f1fa6bcd93fe0fba597d13f
  md5: 123b7f04e7b8d6fc206cf2d3466f8a4b
  depends:
  - __osx >=11.0
  - bzip2 >=1.0.8,<2.0a0
  - libexpat >=2.7.0,<3.0a0
  - libffi >=3.4.6,<3.5.0a0
  - liblzma >=5.8.1,<6.0a0
  - libmpdec >=4.0.0,<5.0a0
  - libsqlite >=3.50.1,<4.0a0
  - libzlib >=1.3.1,<2.0a0
  - ncurses >=6.5,<7.0a0
  - openssl >=3.5.0,<4.0a0
  - python_abi 3.13.* *_cp313
  - readline >=8.2,<9.0a0
  - tk >=8.6.13,<8.7.0a0
  - tzdata
  license: Python-2.0
  size: 12931515
  timestamp: 1750062475020
  python_site_packages_path: lib/python3.13/site-packages
- conda: https://conda.anaconda.org/conda-forge/noarch/python-dateutil-2.9.0.post0-pyhe01879c_2.conda
  sha256: d6a17ece93bbd5139e02d2bd7dbfa80bee1a4261dced63f65f679121686bf664
  md5: 5b8d21249ff20967101ffa321cab24e8
  depends:
  - python >=3.9
  - six >=1.5
  - python
  license: Apache-2.0
  license_family: APACHE
  size: 233310
  timestamp: 1751104122689
- conda: https://conda.anaconda.org/conda-forge/noarch/python_abi-3.13-8_cp313.conda
  build_number: 8
  sha256: 210bffe7b121e651419cb196a2a63687b087497595c9be9d20ebe97dd06060a7
  md5: 94305520c52a4aa3f6c2b1ff6008d9f8
  constrains:
  - python 3.13.* *_cp313
  license: BSD-3-Clause
  license_family: BSD
  size: 7002
  timestamp: 1752805902938
- conda: https://conda.anaconda.org/conda-forge/osx-arm64/pyzmq-27.0.1-py313h330de61_0.conda
  sha256: 12b7537a76ad28b058801de98e76ee5c71085d91c4e13981727b95e61e2bfc5f
  md5: c043e4ed1f91a638b39507f887f9f50c
  depends:
  - __osx >=11.0
  - libcxx >=19
  - libsodium >=1.0.20,<1.0.21.0a0
  - python >=3.13,<3.14.0a0
  - python >=3.13,<3.14.0a0 *_cp313
  - python_abi 3.13.* *_cp313
  - zeromq >=4.3.5,<4.4.0a0
  license: BSD-3-Clause
  license_family: BSD
  size: 365743
  timestamp: 1754238346375
- conda: https://conda.anaconda.org/conda-forge/osx-arm64/rav1e-0.7.1-h0716509_3.conda
  sha256: 65f862b2b31ef2b557990a82015cbd41e5a66041c2f79b4451dd14b4595d4c04
  md5: 7b37f30516100b86ea522350c8cab44c
  depends:
  - __osx >=11.0
  constrains:
  - __osx >=11.0
  license: BSD-2-Clause
  license_family: BSD
  size: 856271
  timestamp: 1746622200646
- conda: https://conda.anaconda.org/conda-forge/osx-arm64/readline-8.2-h1d1bf99_2.conda
  sha256: 7db04684d3904f6151eff8673270922d31da1eea7fa73254d01c437f49702e34
  md5: 63ef3f6e6d6d5c589e64f11263dc5676
  depends:
  - ncurses >=6.5,<7.0a0
  license: GPL-3.0-only
  license_family: GPL
  size: 252359
  timestamp: 1740379663071
- conda: https://conda.anaconda.org/conda-forge/osx-arm64/sdl2-2.32.54-ha1acc90_0.conda
  sha256: ba0ba41b3f7404ddc5421885ad9efe346c4bdc2ec88bc43edd271d9f25f6f0e4
  md5: 71364ba4c5f333860c4431cb46cb9b6c
  depends:
  - libcxx >=18
  - __osx >=11.0
  - sdl3 >=3.2.10,<4.0a0
  license: Zlib
  size: 546209
  timestamp: 1745799899902
- conda: https://conda.anaconda.org/conda-forge/osx-arm64/sdl2_image-2.8.2-h376e2e1_1.conda
  sha256: 8c385478a7b6a6e34b3b3f3d48ed48f504698544987ad331f03a7b43b11d689a
  md5: 247d2c5a873901ef51f378c69a2c708e
  depends:
  - __osx >=11.0
  - libavif16 >=1.0.4,<2.0a0
  - libcxx >=16
  - libjpeg-turbo >=3.0.0,<4.0a0
  - libpng >=1.6.43,<1.7.0a0
  - libtiff >=4.6.0,<4.8.0a0
  - libwebp-base >=1.4.0,<2.0a0
  - libzlib >=1.2.13,<2.0.0a0
  - sdl2 >=2.30.2,<3.0a0
  license: Zlib
  size: 118041
  timestamp: 1716857215118
- conda: https://conda.anaconda.org/conda-forge/osx-arm64/sdl2_mixer-2.6.3-h4fe3bdc_1.conda
  sha256: fcaaf1b589aed11498f5b9735b996fb92ff18e4673a4c804bbfa28eb00264e06
  md5: b92222911d46f08faa583df51191bd7f
  depends:
  - fluidsynth >=2.3.4,<2.4.0a0
  - libcxx >=15.0.7
  - libflac >=1.4.3,<1.5.0a0
  - libmad >=0.15.1b,<0.16.0a0
  - libogg >=1.3.4,<1.4.0a0
  - libvorbis >=1.3.7,<1.4.0a0
  - mpg123 >=1.32.1,<1.33.0a0
  - opusfile >=0.12,<0.13.0a0
  - sdl2 >=2.28.3,<3.0a0
  license: Zlib
  size: 188504
  timestamp: 1695762176058
- conda: https://conda.anaconda.org/conda-forge/osx-arm64/sdl2_ttf-2.24.0-h49b19f9_1.conda
  sha256: 8682907cc92eca66771e4fe951feb97396a1d76b73a6d910f3888d93951a3dc2
  md5: a9a40538ce016f25b160e80a193f4075
  depends:
  - __osx >=11.0
  - freetype >=2.13.3,<3.0a0
  - harfbuzz >=11.0.0,<12.0a0
  - sdl2 >=2.32.50,<3.0a0
  license: Zlib
  size: 45515
  timestamp: 1743198654173
- conda: https://conda.anaconda.org/conda-forge/osx-arm64/sdl3-3.2.20-he22eeb8_0.conda
  sha256: 0904e737d050fdd5bf661d7c4cefce70985d9412c7fe78f1154561d509d23836
  md5: b8127e9143d810d8e2d61507f5fe262a
  depends:
  - libcxx >=19
  - __osx >=11.0
  - dbus >=1.16.2,<2.0a0
  - libusb >=1.0.29,<2.0a0
  license: Zlib
  size: 1415815
  timestamp: 1754349739340
- conda: https://conda.anaconda.org/conda-forge/noarch/six-1.17.0-pyhe01879c_1.conda
  sha256: 458227f759d5e3fcec5d9b7acce54e10c9e1f4f4b7ec978f3bfd54ce4ee9853d
  md5: 3339e3b65d58accf4ca4fb8748ab16b3
  depends:
  - python >=3.9
  - python
  license: MIT
  license_family: MIT
  size: 18455
  timestamp: 1753199211006
- conda: https://conda.anaconda.org/conda-forge/osx-arm64/svt-av1-3.0.2-h8ab69cd_0.conda
  sha256: d6bb376dc9a00728be26be2b1b859d13534067922c13cc4adbbc441ca4c4ca6d
  md5: 76f20156833dea73510379b6cd7975e5
  depends:
  - __osx >=11.0
  - libcxx >=18
  license: BSD-2-Clause
  license_family: BSD
  size: 1484549
  timestamp: 1742907655838
- conda: https://conda.anaconda.org/conda-forge/osx-arm64/tk-8.6.13-h892fb3f_2.conda
  sha256: cb86c522576fa95c6db4c878849af0bccfd3264daf0cc40dd18e7f4a7bfced0e
  md5: 7362396c170252e7b7b0c8fb37fe9c78
  depends:
  - __osx >=11.0
  - libzlib >=1.3.1,<2.0a0
  license: TCL
  license_family: BSD
  size: 3125538
  timestamp: 1748388189063
- conda: https://conda.anaconda.org/conda-forge/noarch/tomli-2.2.1-pyhe01879c_2.conda
  sha256: 040a5a05c487647c089ad5e05ad5aff5942830db2a4e656f1e300d73436436f1
  md5: 30a0a26c8abccf4b7991d590fe17c699
  depends:
  - python >=3.9
  - python
  license: MIT
  license_family: MIT
  size: 21238
  timestamp: 1753796677376
- conda: https://conda.anaconda.org/conda-forge/osx-arm64/tornado-6.5.1-py313h90d716c_0.conda
  sha256: 29c623cfb1f9ea7c1d865cf5f52ae6faa6497ceddbe7841ae27901a21f8cf79f
  md5: 1ab3bef3e9aa0bba9eee2dfbedab1dba
  depends:
  - __osx >=11.0
  - python >=3.13,<3.14.0a0
  - python >=3.13,<3.14.0a0 *_cp313
  - python_abi 3.13.* *_cp313
  license: Apache-2.0
  license_family: Apache
  size: 874352
  timestamp: 1748003547444
- conda: https://conda.anaconda.org/conda-forge/noarch/traitlets-5.14.3-pyhd8ed1ab_1.conda
  sha256: f39a5620c6e8e9e98357507262a7869de2ae8cc07da8b7f84e517c9fd6c2b959
  md5: 019a7385be9af33791c989871317e1ed
  depends:
  - python >=3.9
  license: BSD-3-Clause
  license_family: BSD
  size: 110051
  timestamp: 1733367480074
- conda: https://conda.anaconda.org/conda-forge/noarch/typing_extensions-4.14.1-pyhe01879c_0.conda
  sha256: 4f52390e331ea8b9019b87effaebc4f80c6466d09f68453f52d5cdc2a3e1194f
  md5: e523f4f1e980ed7a4240d7e27e9ec81f
  depends:
  - python >=3.9
  - python
  license: PSF-2.0
  license_family: PSF
  size: 51065
  timestamp: 1751643513473
- conda: https://conda.anaconda.org/conda-forge/noarch/tzdata-2025b-h78e105d_0.conda
  sha256: 5aaa366385d716557e365f0a4e9c3fca43ba196872abbbe3d56bb610d131e192
  md5: 4222072737ccff51314b5ece9c7d6f5a
  license: LicenseRef-Public-Domain
  size: 122968
  timestamp: 1742727099393
- conda: https://conda.anaconda.org/conda-forge/osx-arm64/zeromq-4.3.5-hc1bb282_7.conda
  sha256: 9e585569fe2e7d3bea71972cd4b9f06b1a7ab8fa7c5139f92a31cbceecf25a8a
  md5: f7e6b65943cb73bce0143737fded08f1
  depends:
  - __osx >=11.0
  - krb5 >=1.21.3,<1.22.0a0
  - libcxx >=18
  - libsodium >=1.0.20,<1.0.21.0a0
  license: MPL-2.0
  license_family: MOZILLA
  size: 281565
  timestamp: 1731585108039
- conda: https://conda.anaconda.org/conda-forge/noarch/zipp-3.23.0-pyhd8ed1ab_0.conda
  sha256: 7560d21e1b021fd40b65bfb72f67945a3fcb83d78ad7ccf37b8b3165ec3b68ad
  md5: df5e78d904988eb55042c0c97446079f
  depends:
  - python >=3.9
  license: MIT
  license_family: MIT
  size: 22963
  timestamp: 1749421737203
- conda: https://conda.anaconda.org/conda-forge/osx-arm64/zstd-1.5.7-h6491c7d_2.conda
  sha256: 0d02046f57f7a1a3feae3e9d1aa2113788311f3cf37a3244c71e61a93177ba67
  md5: e6f69c7bcccdefa417f056fa593b40f0
  depends:
  - __osx >=11.0
  - libzlib >=1.3.1,<2.0a0
  license: BSD-3-Clause
  license_family: BSD
  size: 399979
  timestamp: 1742433432699
